
Microsoft Visual Studio Solution File, Format Version 12.00
# Visual Studio Version 17
VisualStudioVersion = 17.9.34607.119
MinimumVisualStudioVersion = 10.0.40219.1
Project("{9A19103F-16F7-4668-BE54-9A1E7A4F7556}") = "DemoDoAnVer02", "DemoDoAnVer02.csproj", "{BFD344F1-A9EA-4A0D-BF34-594FC2B134EB}"
EndProject
Global
	GlobalSection(SolutionConfigurationPlatforms) = preSolution
		Debug|Any CPU = Debug|Any CPU
		Release|Any CPU = Release|Any CPU
	EndGlobalSection
	GlobalSection(ProjectConfigurationPlatforms) = postSolution
		{BFD344F1-A9EA-4A0D-BF34-594FC2B134EB}.Debug|Any CPU.ActiveCfg = Debug|Any CPU
		{BFD344F1-A9EA-4A0D-BF34-594FC2B134EB}.Debug|Any CPU.Build.0 = Debug|Any CPU
		{BFD344F1-A9EA-4A0D-BF34-594FC2B134EB}.Release|Any CPU.ActiveCfg = Release|Any CPU
		{BFD344F1-A9EA-4A0D-BF34-594FC2B134EB}.Release|Any CPU.Build.0 = Release|Any CPU
	EndGlobalSection
	GlobalSection(SolutionProperties) = preSolution
		HideSolutionNode = FALSE
	EndGlobalSection
	GlobalSection(ExtensibilityGlobals) = postSolution
		SolutionGuid = {3B56D443-43DE-45F5-8720-908B068CE55E}
	EndGlobalSection
EndGlobal
